<?xml version="1.0" encoding="utf-8"?>
<Project ToolsVersion="4.0" xmlns="http://schemas.microsoft.com/developer/msbuild/2003">
  <ItemGroup>
    <Filter Include="Source">
      <UniqueIdentifier>{4FC737F1-C7A5-4376-A066-2A32D752A2FF}</UniqueIdentifier>
      <Extensions>cpp;c;cc;cxx;def;odl;idl;hpj;bat;asm;asmx</Extensions>
    </Filter>
    <Filter Include="Source\リソース ファイル">
      <UniqueIdentifier>{67DA6AB6-F800-4c08-8B7A-83BB121AAD01}</UniqueIdentifier>
      <Extensions>rc;ico;cur;bmp;dlg;rc2;rct;bin;rgs;gif;jpg;jpeg;jpe;resx;tiff;tif;png;wav;mfcribbon-ms</Extensions>
    </Filter>
    <Filter Include="Source\Object">
      <UniqueIdentifier>{42e8fc0f-778c-4c7a-b8f1-f890c767e261}</UniqueIdentifier>
    </Filter>
    <Filter Include="Source\Scene">
      <UniqueIdentifier>{3c00dc18-912c-462f-9a47-13fac996df8f}</UniqueIdentifier>
    </Filter>
    <Filter Include="Source\Object\Client">
      <UniqueIdentifier>{88a33f63-2d04-42f7-be78-b336bbf815fb}</UniqueIdentifier>
    </Filter>
    <Filter Include="Source\Object\Client\Command">
      <UniqueIdentifier>{63dfb7db-911d-4ee0-b83a-03c0f2e74af1}</UniqueIdentifier>
    </Filter>
    <Filter Include="Source\Camera">
      <UniqueIdentifier>{d57079ee-1fce-400c-8c0e-e11e38d74441}</UniqueIdentifier>
    </Filter>
  </ItemGroup>
  <ItemGroup>
    <ClCompile Include="Sources\main.cpp">
      <Filter>Source</Filter>
    </ClCompile>
    <ClCompile Include="Sources\Scene\00_EachScene.cpp">
      <Filter>Source\Scene</Filter>
    </ClCompile>
    <ClCompile Include="Sources\Scene\ResourceInfoManager.cpp">
      <Filter>Source\Scene</Filter>
    </ClCompile>
    <ClCompile Include="Sources\Object\Search.cpp">
      <Filter>Source\Object</Filter>
    </ClCompile>
    <ClCompile Include="Sources\Object\LoadAddTexture.cpp">
      <Filter>Source\Object</Filter>
    </ClCompile>
    <ClCompile Include="Sources\Object\Pivot.cpp">
      <Filter>Source\Object</Filter>
    </ClCompile>
    <ClCompile Include="Sources\Object\IOFile.cpp">
      <Filter>Source\Object</Filter>
    </ClCompile>
    <ClCompile Include="Sources\Object\Client\Client.cpp">
      <Filter>Source\Object\Client</Filter>
    </ClCompile>
    <ClCompile Include="Sources\Object\Client\Receiver.cpp">
      <Filter>Source\Object\Client</Filter>
    </ClCompile>
    <ClCompile Include="Sources\Object\Client\Command\PositionCommand.cpp">
      <Filter>Source\Object\Client\Command</Filter>
    </ClCompile>
    <ClCompile Include="Sources\Object\Client\Command\RotationCommand.cpp">
      <Filter>Source\Object\Client\Command</Filter>
    </ClCompile>
    <ClCompile Include="Sources\Object\Client\Command\ScaleCommand.cpp">
      <Filter>Source\Object\Client\Command</Filter>
    </ClCompile>
    <ClCompile Include="Sources\Object\Client\Command\TextureNumCommand.cpp">
      <Filter>Source\Object\Client\Command</Filter>
    </ClCompile>
    <ClCompile Include="Sources\Object\Client\Command\CreateSpriteCommand.cpp">
      <Filter>Source\Object\Client\Command</Filter>
    </ClCompile>
    <ClCompile Include="Sources\Object\Client\Command\DeleteCommand.cpp">
      <Filter>Source\Object\Client\Command</Filter>
    </ClCompile>
    <ClCompile Include="Sources\Object\Client\Command\NameCommand.cpp">
      <Filter>Source\Object\Client\Command</Filter>
    </ClCompile>
    <ClCompile Include="Sources\Object\Client\Command\ParentCommand.cpp">
      <Filter>Source\Object\Client\Command</Filter>
    </ClCompile>
    <ClCompile Include="Sources\Object\Client\Command\PivotCommand.cpp">
      <Filter>Source\Object\Client\Command</Filter>
    </ClCompile>
    <ClCompile Include="Sources\Object\Client\Command\LayerCommand.cpp">
      <Filter>Source\Object\Client\Command</Filter>
    </ClCompile>
    <ClCompile Include="Sources\Object\Client\LoadSpriteMesh.cpp">
      <Filter>Source\Object\Client</Filter>
    </ClCompile>
    <ClCompile Include="Sources\Object\Client\SpriteMeshRenderer.cpp">
      <Filter>Source\Object\Client</Filter>
    </ClCompile>
    <ClCompile Include="Sources\Object\Client\SpriteMesh.cpp">
      <Filter>Source\Object\Client</Filter>
    </ClCompile>
    <ClCompile Include="Sources\Camera\LookCamera.cpp">
      <Filter>Source\Camera</Filter>
    </ClCompile>
    <ClCompile Include="Sources\Scene\01_EditScene.cpp">
      <Filter>Source\Scene</Filter>
    </ClCompile>
  </ItemGroup>
  <ItemGroup>
    <ClInclude Include="Sources\Object\ObjectTag.h">
      <Filter>Source\Object</Filter>
    </ClInclude>
    <ClInclude Include="Sources\Scene\00_EachScene.h">
      <Filter>Source\Scene</Filter>
    </ClInclude>
    <ClInclude Include="Sources\Scene\ResourceInfoManager.h">
      <Filter>Source\Scene</Filter>
    </ClInclude>
    <ClInclude Include="Sources\Scene\ResourcesSound.h">
      <Filter>Source\Scene</Filter>
    </ClInclude>
    <ClInclude Include="Sources\Scene\ResourcesTexture.h">
      <Filter>Source\Scene</Filter>
    </ClInclude>
    <ClInclude Include="Sources\Scene\ResourcesModel.h">
      <Filter>Source\Scene</Filter>
    </ClInclude>
    <ClInclude Include="Sources\Object\Search.h">
      <Filter>Source\Object</Filter>
    </ClInclude>
    <ClInclude Include="Sources\Object\LoadAddTexture.h">
      <Filter>Source\Object</Filter>
    </ClInclude>
    <ClInclude Include="Sources\Object\Pivot.h">
      <Filter>Source\Object</Filter>
    </ClInclude>
    <ClInclude Include="Sources\Object\IOFile.h">
      <Filter>Source\Object</Filter>
    </ClInclude>
    <ClInclude Include="Sources\Object\Client\Client.h">
      <Filter>Source\Object\Client</Filter>
    </ClInclude>
    <ClInclude Include="Sources\Object\Client\Receiver.h">
      <Filter>Source\Object\Client</Filter>
    </ClInclude>
    <ClInclude Include="Sources\Object\Client\Command\PivotCommand.h">
      <Filter>Source\Object\Client\Command</Filter>
    </ClInclude>
    <ClInclude Include="Sources\Object\Client\Command\PositionCommand.h">
      <Filter>Source\Object\Client\Command</Filter>
    </ClInclude>
    <ClInclude Include="Sources\Object\Client\Command\RotationCommand.h">
      <Filter>Source\Object\Client\Command</Filter>
    </ClInclude>
    <ClInclude Include="Sources\Object\Client\Command\ScaleCommand.h">
      <Filter>Source\Object\Client\Command</Filter>
    </ClInclude>
    <ClInclude Include="Sources\Object\Client\Command\TextureNumCommand.h">
      <Filter>Source\Object\Client\Command</Filter>
    </ClInclude>
    <ClInclude Include="Sources\Object\Client\Command\CreateSpriteCommand.h">
      <Filter>Source\Object\Client\Command</Filter>
    </ClInclude>
    <ClInclude Include="Sources\Object\Client\Command\DeleteCommand.h">
      <Filter>Source\Object\Client\Command</Filter>
    </ClInclude>
    <ClInclude Include="Sources\Object\Client\Command\ICommand.h">
      <Filter>Source\Object\Client\Command</Filter>
    </ClInclude>
    <ClInclude Include="Sources\Object\Client\Command\NameCommand.h">
      <Filter>Source\Object\Client\Command</Filter>
    </ClInclude>
    <ClInclude Include="Sources\Object\Client\Command\ParentCommand.h">
      <Filter>Source\Object\Client\Command</Filter>
    </ClInclude>
    <ClInclude Include="Sources\Object\Client\Command\LayerCommand.h">
      <Filter>Source\Object\Client\Command</Filter>
    </ClInclude>
    <ClInclude Include="Sources\Object\Client\LoadSpriteMesh.h">
      <Filter>Source\Object\Client</Filter>
    </ClInclude>
    <ClInclude Include="Sources\Object\Client\SpriteMeshRenderer.h">
      <Filter>Source\Object\Client</Filter>
    </ClInclude>
    <ClInclude Include="Sources\Object\Client\SpriteMesh.h">
      <Filter>Source\Object\Client</Filter>
    </ClInclude>
    <ClInclude Include="Sources\Camera\LookCamera.h">
      <Filter>Source\Camera</Filter>
    </ClInclude>
    <ClInclude Include="Sources\Scene\01_EditScene.h">
      <Filter>Source\Scene</Filter>
    </ClInclude>
  </ItemGroup>
  <ItemGroup>
    <ResourceCompile Include="FrameWork\FrameWork\Windows\resource.rc">
      <Filter>Source\リソース ファイル</Filter>
    </ResourceCompile>
  </ItemGroup>
  <ItemGroup>
    <Image Include="FrameWork\FrameWork\Windows\icon.ico">
      <Filter>Source\リソース ファイル</Filter>
    </Image>
  </ItemGroup>
</Project>