<?xml version="1.0" encoding="utf-8"?>
<Project ToolsVersion="4.0" xmlns="http://schemas.microsoft.com/developer/msbuild/2003">
  <ItemGroup>
    <Filter Include="Source">
      <UniqueIdentifier>{4FC737F1-C7A5-4376-A066-2A32D752A2FF}</UniqueIdentifier>
      <Extensions>cpp;c;cc;cxx;def;odl;idl;hpj;bat;asm;asmx</Extensions>
    </Filter>
    <Filter Include="Source\リソース ファイル">
      <UniqueIdentifier>{67DA6AB6-F800-4c08-8B7A-83BB121AAD01}</UniqueIdentifier>
      <Extensions>rc;ico;cur;bmp;dlg;rc2;rct;bin;rgs;gif;jpg;jpeg;jpe;resx;tiff;tif;png;wav;mfcribbon-ms</Extensions>
    </Filter>
    <Filter Include="Source\Object">
      <UniqueIdentifier>{42e8fc0f-778c-4c7a-b8f1-f890c767e261}</UniqueIdentifier>
    </Filter>
    <Filter Include="Source\Object\UI">
      <UniqueIdentifier>{c1f30dfa-b770-4b1e-8678-7a87f4fd028c}</UniqueIdentifier>
    </Filter>
    <Filter Include="Source\Object\Billboard">
      <UniqueIdentifier>{cbb48814-e9cf-4ddf-83d8-19966402b834}</UniqueIdentifier>
    </Filter>
    <Filter Include="Source\Scene">
      <UniqueIdentifier>{3c00dc18-912c-462f-9a47-13fac996df8f}</UniqueIdentifier>
    </Filter>
    <Filter Include="Source\Object\Command">
      <UniqueIdentifier>{63dfb7db-911d-4ee0-b83a-03c0f2e74af1}</UniqueIdentifier>
    </Filter>
  </ItemGroup>
  <ItemGroup>
    <ClCompile Include="Sources\main.cpp">
      <Filter>Source</Filter>
    </ClCompile>
    <ClCompile Include="Sources\Scene\00_EachScene.cpp">
      <Filter>Source\Scene</Filter>
    </ClCompile>
    <ClCompile Include="Sources\Scene\01_TitleScene.cpp">
      <Filter>Source\Scene</Filter>
    </ClCompile>
    <ClCompile Include="Sources\Scene\04_PauseScene.cpp">
      <Filter>Source\Scene</Filter>
    </ClCompile>
    <ClCompile Include="Sources\Scene\ResourceInfoManager.cpp">
      <Filter>Source\Scene</Filter>
    </ClCompile>
    <ClCompile Include="Sources\Scene\DontDestroyOnLoad.cpp">
      <Filter>Source\Scene</Filter>
    </ClCompile>
    <ClCompile Include="Sources\Object\Search.cpp">
      <Filter>Source\Object</Filter>
    </ClCompile>
    <ClCompile Include="Sources\Object\LoadAddTexture.cpp">
      <Filter>Source\Object</Filter>
    </ClCompile>
    <ClCompile Include="Sources\Object\Command\PositionCommand.cpp">
      <Filter>Source\Object\Command</Filter>
    </ClCompile>
    <ClCompile Include="Sources\Object\Command\RotationCommand.cpp">
      <Filter>Source\Object\Command</Filter>
    </ClCompile>
    <ClCompile Include="Sources\Object\Command\ScaleCommand.cpp">
      <Filter>Source\Object\Command</Filter>
    </ClCompile>
    <ClCompile Include="Sources\Object\Command\PivotCommand.cpp">
      <Filter>Source\Object\Command</Filter>
    </ClCompile>
    <ClCompile Include="Sources\Object\Pivot.cpp">
      <Filter>Source\Object</Filter>
    </ClCompile>
    <ClCompile Include="Sources\Object\Command\NameCommand.cpp">
      <Filter>Source\Object\Command</Filter>
    </ClCompile>
    <ClCompile Include="Sources\Object\Command\TextureNumCommand.cpp">
      <Filter>Source\Object\Command</Filter>
    </ClCompile>
    <ClCompile Include="Sources\Object\Command\Receiver.cpp">
      <Filter>Source\Object\Command</Filter>
    </ClCompile>
  </ItemGroup>
  <ItemGroup>
    <ClInclude Include="Sources\Object\ObjectTag.h">
      <Filter>Source\Object</Filter>
    </ClInclude>
    <ClInclude Include="Sources\Scene\00_EachScene.h">
      <Filter>Source\Scene</Filter>
    </ClInclude>
    <ClInclude Include="Sources\Scene\01_TitleScene.h">
      <Filter>Source\Scene</Filter>
    </ClInclude>
    <ClInclude Include="Sources\Scene\04_PauseScene.h">
      <Filter>Source\Scene</Filter>
    </ClInclude>
    <ClInclude Include="Sources\Scene\ResourceInfoManager.h">
      <Filter>Source\Scene</Filter>
    </ClInclude>
    <ClInclude Include="Sources\Scene\ResourcesSound.h">
      <Filter>Source\Scene</Filter>
    </ClInclude>
    <ClInclude Include="Sources\Scene\ResourcesTexture.h">
      <Filter>Source\Scene</Filter>
    </ClInclude>
    <ClInclude Include="Sources\Scene\ResourcesModel.h">
      <Filter>Source\Scene</Filter>
    </ClInclude>
    <ClInclude Include="Sources\Scene\DontDestroyOnLoad.h">
      <Filter>Source\Scene</Filter>
    </ClInclude>
    <ClInclude Include="Sources\Object\Search.h">
      <Filter>Source\Object</Filter>
    </ClInclude>
    <ClInclude Include="Sources\Object\LoadAddTexture.h">
      <Filter>Source\Object</Filter>
    </ClInclude>
    <ClInclude Include="Sources\Object\Command\ICommand.h">
      <Filter>Source\Object\Command</Filter>
    </ClInclude>
    <ClInclude Include="Sources\Object\Command\PositionCommand.h">
      <Filter>Source\Object\Command</Filter>
    </ClInclude>
    <ClInclude Include="Sources\Object\Command\RotationCommand.h">
      <Filter>Source\Object\Command</Filter>
    </ClInclude>
    <ClInclude Include="Sources\Object\Command\ScaleCommand.h">
      <Filter>Source\Object\Command</Filter>
    </ClInclude>
    <ClInclude Include="Sources\Object\Command\PivotCommand.h">
      <Filter>Source\Object\Command</Filter>
    </ClInclude>
    <ClInclude Include="Sources\Object\Pivot.h">
      <Filter>Source\Object</Filter>
    </ClInclude>
    <ClInclude Include="Sources\Object\Command\NameCommand.h">
      <Filter>Source\Object\Command</Filter>
    </ClInclude>
    <ClInclude Include="Sources\Object\Command\TextureNumCommand.h">
      <Filter>Source\Object\Command</Filter>
    </ClInclude>
    <ClInclude Include="Sources\Object\Command\Receiver.h">
      <Filter>Source\Object\Command</Filter>
    </ClInclude>
  </ItemGroup>
  <ItemGroup>
    <ResourceCompile Include="FrameWork\FrameWork\Windows\resource.rc">
      <Filter>Source\リソース ファイル</Filter>
    </ResourceCompile>
  </ItemGroup>
  <ItemGroup>
    <Image Include="FrameWork\FrameWork\Windows\icon.ico">
      <Filter>Source\リソース ファイル</Filter>
    </Image>
  </ItemGroup>
</Project>